
Microsoft Visual Studio Solution File, Format Version 12.00
# Visual Studio Version 17
VisualStudioVersion = 17.2.32602.215
MinimumVisualStudioVersion = 10.0.40219.1
Project("{FAE04EC0-301F-11D3-BF4B-00C04F79EFBC}") = "NewProjectWpf", "NewProjectWpf\NewProjectWpf.csproj", "{5F84D513-AC03-47A2-9582-6A494BAF022A}"
EndProject
Global
	GlobalSection(SolutionConfigurationPlatforms) = preSolution
		Debug|Any CPU = Debug|Any CPU
		Release|Any CPU = Release|Any CPU
	EndGlobalSection
	GlobalSection(ProjectConfigurationPlatforms) = postSolution
		{5F84D513-AC03-47A2-9582-6A494BAF022A}.Debug|Any CPU.ActiveCfg = Debug|Any CPU
		{5F84D513-AC03-47A2-9582-6A494BAF022A}.Debug|Any CPU.Build.0 = Debug|Any CPU
		{5F84D513-AC03-47A2-9582-6A494BAF022A}.Release|Any CPU.ActiveCfg = Release|Any CPU
		{5F84D513-AC03-47A2-9582-6A494BAF022A}.Release|Any CPU.Build.0 = Release|Any CPU
	EndGlobalSection
	GlobalSection(SolutionProperties) = preSolution
		HideSolutionNode = FALSE
	EndGlobalSection
	GlobalSection(ExtensibilityGlobals) = postSolution
		SolutionGuid = {F7D580C6-289A-4568-AD33-A89475E72439}
	EndGlobalSection
EndGlobal
